
Microsoft Visual Studio Solution File, Format Version 12.00
# Visual Studio Version 17
VisualStudioVersion = 17.8.34511.84
MinimumVisualStudioVersion = 10.0.40219.1
Project("{FAE04EC0-301F-11D3-BF4B-00C04F79EFBC}") = "ImageResize", "ImageResize\ImageResize.csproj", "{77D47256-604D-4B0A-8736-4860122F556C}"
EndProject
Global
	GlobalSection(SolutionConfigurationPlatforms) = preSolution
		Debug|Any CPU = Debug|Any CPU
		Release|Any CPU = Release|Any CPU
	EndGlobalSection
	GlobalSection(ProjectConfigurationPlatforms) = postSolution
		{77D47256-604D-4B0A-8736-4860122F556C}.Debug|Any CPU.ActiveCfg = Debug|Any CPU
		{77D47256-604D-4B0A-8736-4860122F556C}.Debug|Any CPU.Build.0 = Debug|Any CPU
		{77D47256-604D-4B0A-8736-4860122F556C}.Release|Any CPU.ActiveCfg = Release|Any CPU
		{77D47256-604D-4B0A-8736-4860122F556C}.Release|Any CPU.Build.0 = Release|Any CPU
	EndGlobalSection
	GlobalSection(SolutionProperties) = preSolution
		HideSolutionNode = FALSE
	EndGlobalSection
	GlobalSection(ExtensibilityGlobals) = postSolution
		SolutionGuid = {76FB70C5-50CE-4250-9D47-531CA31B99A2}
	EndGlobalSection
EndGlobal
